// !$*UTF8*$!
{
	archiveVersion = 1;
	classes = {
	};
	objectVersion = 50;
	objects = {

/* Begin PBXBuildFile section */
		2E85677D92B3B03C9AC096FC /* Pods_Rugesty.framework in Frameworks */ = {isa = PBXBuildFile; fileRef = AAB2917B02790248A8305BD6 /* Pods_Rugesty.framework */; };
		52063F8C79471038E457E2C9 /* Pods_RugestyTests.framework in Frameworks */ = {isa = PBXBuildFile; fileRef = 985FCDB1173CB43610D3116F /* Pods_RugestyTests.framework */; };
		66369EF521B9194600919C09 /* Base.strings in Resources */ = {isa = PBXBuildFile; fileRef = 66369EF421B9194600919C09 /* Base.strings */; };
		66369EF721B91ECD00919C09 /* LangUtil.swift in Sources */ = {isa = PBXBuildFile; fileRef = 66369EF621B91ECD00919C09 /* LangUtil.swift */; };
		66369EF921B9300A00919C09 /* Constants.swift in Sources */ = {isa = PBXBuildFile; fileRef = 66369EF821B9300A00919C09 /* Constants.swift */; };
		668AE4A82154DB13002A09B4 /* Helper.swift in Sources */ = {isa = PBXBuildFile; fileRef = 668AE4A72154DB13002A09B4 /* Helper.swift */; };
		66C84BA7210B065E0095AEB0 /* AppDelegate.swift in Sources */ = {isa = PBXBuildFile; fileRef = 66C84BA6210B065E0095AEB0 /* AppDelegate.swift */; };
		66C84BA9210B065E0095AEB0 /* art.scnassets in Resources */ = {isa = PBXBuildFile; fileRef = 66C84BA8210B065E0095AEB0 /* art.scnassets */; };
		66C84BAB210B065E0095AEB0 /* MainViewController.swift in Sources */ = {isa = PBXBuildFile; fileRef = 66C84BAA210B065E0095AEB0 /* MainViewController.swift */; };
		66C84BAE210B065E0095AEB0 /* Main.storyboard in Resources */ = {isa = PBXBuildFile; fileRef = 66C84BAC210B065E0095AEB0 /* Main.storyboard */; };
		66C84BB0210B065F0095AEB0 /* Assets.xcassets in Resources */ = {isa = PBXBuildFile; fileRef = 66C84BAF210B065F0095AEB0 /* Assets.xcassets */; };
		66C84BB3210B065F0095AEB0 /* LaunchScreen.storyboard in Resources */ = {isa = PBXBuildFile; fileRef = 66C84BB1210B065F0095AEB0 /* LaunchScreen.storyboard */; };
		66C84BBE210B065F0095AEB0 /* test2Tests.swift in Sources */ = {isa = PBXBuildFile; fileRef = 66C84BBD210B065F0095AEB0 /* test2Tests.swift */; };
		66C84BC9210B065F0095AEB0 /* test2UITests.swift in Sources */ = {isa = PBXBuildFile; fileRef = 66C84BC8210B065F0095AEB0 /* test2UITests.swift */; };
		66E9F5FC21551DD200146897 /* Extension.swift in Sources */ = {isa = PBXBuildFile; fileRef = 66E9F5FB21551DD200146897 /* Extension.swift */; };
		66E9F5FE2155530100146897 /* DetailCell.swift in Sources */ = {isa = PBXBuildFile; fileRef = 66E9F5FD2155530100146897 /* DetailCell.swift */; };
		66E9F6002155532600146897 /* DetailViewController.swift in Sources */ = {isa = PBXBuildFile; fileRef = 66E9F5FF2155532600146897 /* DetailViewController.swift */; };
		66E9F602215559C500146897 /* Carpet.swift in Sources */ = {isa = PBXBuildFile; fileRef = 66E9F601215559C500146897 /* Carpet.swift */; };
		66FCBCD7214BE0A6003F72F5 /* ListViewController.swift in Sources */ = {isa = PBXBuildFile; fileRef = 66FCBCD6214BE0A6003F72F5 /* ListViewController.swift */; };
		66FCBCDB214D727B003F72F5 /* CarpetListCell.swift in Sources */ = {isa = PBXBuildFile; fileRef = 66FCBCDA214D727B003F72F5 /* CarpetListCell.swift */; };
		A66824FE5FD25BB4DDD61513 /* Pods_RugestyUITests.framework in Frameworks */ = {isa = PBXBuildFile; fileRef = 33A7D25B1F9E9DE325A0A485 /* Pods_RugestyUITests.framework */; };
/* End PBXBuildFile section */

/* Begin PBXContainerItemProxy section */
		66C84BBA210B065F0095AEB0 /* PBXContainerItemProxy */ = {
			isa = PBXContainerItemProxy;
			containerPortal = 66C84B9B210B065D0095AEB0 /* Project object */;
			proxyType = 1;
			remoteGlobalIDString = 66C84BA2210B065E0095AEB0;
			remoteInfo = test2;
		};
		66C84BC5210B065F0095AEB0 /* PBXContainerItemProxy */ = {
			isa = PBXContainerItemProxy;
			containerPortal = 66C84B9B210B065D0095AEB0 /* Project object */;
			proxyType = 1;
			remoteGlobalIDString = 66C84BA2210B065E0095AEB0;
			remoteInfo = test2;
		};
/* End PBXContainerItemProxy section */

/* Begin PBXFileReference section */
		33A7D25B1F9E9DE325A0A485 /* Pods_RugestyUITests.framework */ = {isa = PBXFileReference; explicitFileType = wrapper.framework; includeInIndex = 0; path = Pods_RugestyUITests.framework; sourceTree = BUILT_PRODUCTS_DIR; };
		66369EF421B9194600919C09 /* Base.strings */ = {isa = PBXFileReference; lastKnownFileType = text.plist.strings; path = Base.strings; sourceTree = "<group>"; };
		66369EF621B91ECD00919C09 /* LangUtil.swift */ = {isa = PBXFileReference; lastKnownFileType = sourcecode.swift; path = LangUtil.swift; sourceTree = "<group>"; };
		66369EF821B9300A00919C09 /* Constants.swift */ = {isa = PBXFileReference; lastKnownFileType = sourcecode.swift; path = Constants.swift; sourceTree = "<group>"; };
		668AE4A72154DB13002A09B4 /* Helper.swift */ = {isa = PBXFileReference; lastKnownFileType = sourcecode.swift; path = Helper.swift; sourceTree = "<group>"; };
		66C84BA3210B065E0095AEB0 /* RM AR.app */ = {isa = PBXFileReference; explicitFileType = wrapper.application; includeInIndex = 0; path = "RM AR.app"; sourceTree = BUILT_PRODUCTS_DIR; };
		66C84BA6210B065E0095AEB0 /* AppDelegate.swift */ = {isa = PBXFileReference; lastKnownFileType = sourcecode.swift; path = AppDelegate.swift; sourceTree = "<group>"; };
		66C84BA8210B065E0095AEB0 /* art.scnassets */ = {isa = PBXFileReference; lastKnownFileType = wrapper.scnassets; path = art.scnassets; sourceTree = "<group>"; };
		66C84BAA210B065E0095AEB0 /* MainViewController.swift */ = {isa = PBXFileReference; lastKnownFileType = sourcecode.swift; path = MainViewController.swift; sourceTree = "<group>"; };
		66C84BAD210B065E0095AEB0 /* Base */ = {isa = PBXFileReference; lastKnownFileType = file.storyboard; name = Base; path = Base.lproj/Main.storyboard; sourceTree = "<group>"; };
		66C84BAF210B065F0095AEB0 /* Assets.xcassets */ = {isa = PBXFileReference; lastKnownFileType = folder.assetcatalog; path = Assets.xcassets; sourceTree = "<group>"; };
		66C84BB2210B065F0095AEB0 /* Base */ = {isa = PBXFileReference; lastKnownFileType = file.storyboard; name = Base; path = Base.lproj/LaunchScreen.storyboard; sourceTree = "<group>"; };
		66C84BB4210B065F0095AEB0 /* Info.plist */ = {isa = PBXFileReference; lastKnownFileType = text.plist.xml; path = Info.plist; sourceTree = "<group>"; };
		66C84BB9210B065F0095AEB0 /* RugestyTests.xctest */ = {isa = PBXFileReference; explicitFileType = wrapper.cfbundle; includeInIndex = 0; path = RugestyTests.xctest; sourceTree = BUILT_PRODUCTS_DIR; };
		66C84BBD210B065F0095AEB0 /* test2Tests.swift */ = {isa = PBXFileReference; lastKnownFileType = sourcecode.swift; path = test2Tests.swift; sourceTree = "<group>"; };
		66C84BBF210B065F0095AEB0 /* Info.plist */ = {isa = PBXFileReference; lastKnownFileType = text.plist.xml; path = Info.plist; sourceTree = "<group>"; };
		66C84BC4210B065F0095AEB0 /* RugestyUITests.xctest */ = {isa = PBXFileReference; explicitFileType = wrapper.cfbundle; includeInIndex = 0; path = RugestyUITests.xctest; sourceTree = BUILT_PRODUCTS_DIR; };
		66C84BC8210B065F0095AEB0 /* test2UITests.swift */ = {isa = PBXFileReference; lastKnownFileType = sourcecode.swift; path = test2UITests.swift; sourceTree = "<group>"; };
		66C84BCA210B065F0095AEB0 /* Info.plist */ = {isa = PBXFileReference; lastKnownFileType = text.plist.xml; path = Info.plist; sourceTree = "<group>"; };
		66E9F5FB21551DD200146897 /* Extension.swift */ = {isa = PBXFileReference; lastKnownFileType = sourcecode.swift; path = Extension.swift; sourceTree = "<group>"; };
		66E9F5FD2155530100146897 /* DetailCell.swift */ = {isa = PBXFileReference; lastKnownFileType = sourcecode.swift; path = DetailCell.swift; sourceTree = "<group>"; };
		66E9F5FF2155532600146897 /* DetailViewController.swift */ = {isa = PBXFileReference; lastKnownFileType = sourcecode.swift; path = DetailViewController.swift; sourceTree = "<group>"; };
		66E9F601215559C500146897 /* Carpet.swift */ = {isa = PBXFileReference; lastKnownFileType = sourcecode.swift; path = Carpet.swift; sourceTree = "<group>"; };
		66FCBCD6214BE0A6003F72F5 /* ListViewController.swift */ = {isa = PBXFileReference; lastKnownFileType = sourcecode.swift; path = ListViewController.swift; sourceTree = "<group>"; };
		66FCBCDA214D727B003F72F5 /* CarpetListCell.swift */ = {isa = PBXFileReference; lastKnownFileType = sourcecode.swift; path = CarpetListCell.swift; sourceTree = "<group>"; };
		720CA7129B63DAE263DF1225 /* Pods-RugestyTests.debug.xcconfig */ = {isa = PBXFileReference; includeInIndex = 1; lastKnownFileType = text.xcconfig; name = "Pods-RugestyTests.debug.xcconfig"; path = "Pods/Target Support Files/Pods-RugestyTests/Pods-RugestyTests.debug.xcconfig"; sourceTree = "<group>"; };
		7705C4B8E5CD585E44C8413E /* Pods-RugestyUITests.debug.xcconfig */ = {isa = PBXFileReference; includeInIndex = 1; lastKnownFileType = text.xcconfig; name = "Pods-RugestyUITests.debug.xcconfig"; path = "Pods/Target Support Files/Pods-RugestyUITests/Pods-RugestyUITests.debug.xcconfig"; sourceTree = "<group>"; };
		77903103CB9C181A6CB65D5E /* Pods-Rugesty.release.xcconfig */ = {isa = PBXFileReference; includeInIndex = 1; lastKnownFileType = text.xcconfig; name = "Pods-Rugesty.release.xcconfig"; path = "Pods/Target Support Files/Pods-Rugesty/Pods-Rugesty.release.xcconfig"; sourceTree = "<group>"; };
		88A2B653620714070A279EF3 /* Pods-RugestyTests.release.xcconfig */ = {isa = PBXFileReference; includeInIndex = 1; lastKnownFileType = text.xcconfig; name = "Pods-RugestyTests.release.xcconfig"; path = "Pods/Target Support Files/Pods-RugestyTests/Pods-RugestyTests.release.xcconfig"; sourceTree = "<group>"; };
		985FCDB1173CB43610D3116F /* Pods_RugestyTests.framework */ = {isa = PBXFileReference; explicitFileType = wrapper.framework; includeInIndex = 0; path = Pods_RugestyTests.framework; sourceTree = BUILT_PRODUCTS_DIR; };
		A5D89E4871509ED3CE5913A1 /* Pods-Rugesty.debug.xcconfig */ = {isa = PBXFileReference; includeInIndex = 1; lastKnownFileType = text.xcconfig; name = "Pods-Rugesty.debug.xcconfig"; path = "Pods/Target Support Files/Pods-Rugesty/Pods-Rugesty.debug.xcconfig"; sourceTree = "<group>"; };
		AAB2917B02790248A8305BD6 /* Pods_Rugesty.framework */ = {isa = PBXFileReference; explicitFileType = wrapper.framework; includeInIndex = 0; path = Pods_Rugesty.framework; sourceTree = BUILT_PRODUCTS_DIR; };
		C53C4D38A11DBB033DD0F0B3 /* Pods-RugestyUITests.release.xcconfig */ = {isa = PBXFileReference; includeInIndex = 1; lastKnownFileType = text.xcconfig; name = "Pods-RugestyUITests.release.xcconfig"; path = "Pods/Target Support Files/Pods-RugestyUITests/Pods-RugestyUITests.release.xcconfig"; sourceTree = "<group>"; };
/* End PBXFileReference section */

/* Begin PBXFrameworksBuildPhase section */
		66C84BA0210B065E0095AEB0 /* Frameworks */ = {
			isa = PBXFrameworksBuildPhase;
			buildActionMask = 2147483647;
			files = (
				2E85677D92B3B03C9AC096FC /* Pods_Rugesty.framework in Frameworks */,
			);
			runOnlyForDeploymentPostprocessing = 0;
		};
		66C84BB6210B065F0095AEB0 /* Frameworks */ = {
			isa = PBXFrameworksBuildPhase;
			buildActionMask = 2147483647;
			files = (
				52063F8C79471038E457E2C9 /* Pods_RugestyTests.framework in Frameworks */,
			);
			runOnlyForDeploymentPostprocessing = 0;
		};
		66C84BC1210B065F0095AEB0 /* Frameworks */ = {
			isa = PBXFrameworksBuildPhase;
			buildActionMask = 2147483647;
			files = (
				A66824FE5FD25BB4DDD61513 /* Pods_RugestyUITests.framework in Frameworks */,
			);
			runOnlyForDeploymentPostprocessing = 0;
		};
/* End PBXFrameworksBuildPhase section */

/* Begin PBXGroup section */
		13183D5F00B0820A112F1E70 /* Pods */ = {
			isa = PBXGroup;
			children = (
				A5D89E4871509ED3CE5913A1 /* Pods-Rugesty.debug.xcconfig */,
				77903103CB9C181A6CB65D5E /* Pods-Rugesty.release.xcconfig */,
				720CA7129B63DAE263DF1225 /* Pods-RugestyTests.debug.xcconfig */,
				88A2B653620714070A279EF3 /* Pods-RugestyTests.release.xcconfig */,
				7705C4B8E5CD585E44C8413E /* Pods-RugestyUITests.debug.xcconfig */,
				C53C4D38A11DBB033DD0F0B3 /* Pods-RugestyUITests.release.xcconfig */,
			);
			name = Pods;
			sourceTree = "<group>";
		};
		66369EED21B8470C00919C09 /* Resources */ = {
			isa = PBXGroup;
			children = (
				66C84BAF210B065F0095AEB0 /* Assets.xcassets */,
				66C84BA8210B065E0095AEB0 /* art.scnassets */,
				66369EF421B9194600919C09 /* Base.strings */,
			);
			path = Resources;
			sourceTree = "<group>";
		};
		66C84B9A210B065D0095AEB0 = {
			isa = PBXGroup;
			children = (
				66C84BA5210B065E0095AEB0 /* rugesty */,
				66C84BBC210B065F0095AEB0 /* test2Tests */,
				66C84BC7210B065F0095AEB0 /* test2UITests */,
				66C84BA4210B065E0095AEB0 /* Products */,
				13183D5F00B0820A112F1E70 /* Pods */,
				EFC5E576BB7B48E198E759A5 /* Frameworks */,
			);
			sourceTree = "<group>";
		};
		66C84BA4210B065E0095AEB0 /* Products */ = {
			isa = PBXGroup;
			children = (
				66C84BA3210B065E0095AEB0 /* RM AR.app */,
				66C84BB9210B065F0095AEB0 /* RugestyTests.xctest */,
				66C84BC4210B065F0095AEB0 /* RugestyUITests.xctest */,
			);
			name = Products;
			sourceTree = "<group>";
		};
		66C84BA5210B065E0095AEB0 /* rugesty */ = {
			isa = PBXGroup;
			children = (
				66E9F5FA21551DBF00146897 /* Util */,
				66FCBCDC214D7298003F72F5 /* Cells */,
				66FCBCD5214BD904003F72F5 /* ViewControllers */,
				66FCBCD4214BD8E8003F72F5 /* Storyboard */,
				66369EED21B8470C00919C09 /* Resources */,
				66C84BB4210B065F0095AEB0 /* Info.plist */,
				66E9F601215559C500146897 /* Carpet.swift */,
			);
			path = rugesty;
			sourceTree = "<group>";
		};
		66C84BBC210B065F0095AEB0 /* test2Tests */ = {
			isa = PBXGroup;
			children = (
				66C84BBD210B065F0095AEB0 /* test2Tests.swift */,
				66C84BBF210B065F0095AEB0 /* Info.plist */,
			);
			path = test2Tests;
			sourceTree = "<group>";
		};
		66C84BC7210B065F0095AEB0 /* test2UITests */ = {
			isa = PBXGroup;
			children = (
				66C84BC8210B065F0095AEB0 /* test2UITests.swift */,
				66C84BCA210B065F0095AEB0 /* Info.plist */,
			);
			path = test2UITests;
			sourceTree = "<group>";
		};
		66E9F5FA21551DBF00146897 /* Util */ = {
			isa = PBXGroup;
			children = (
				668AE4A72154DB13002A09B4 /* Helper.swift */,
				66E9F5FB21551DD200146897 /* Extension.swift */,
				66369EF621B91ECD00919C09 /* LangUtil.swift */,
				66369EF821B9300A00919C09 /* Constants.swift */,
			);
			path = Util;
			sourceTree = "<group>";
		};
		66FCBCD4214BD8E8003F72F5 /* Storyboard */ = {
			isa = PBXGroup;
			children = (
				66C84BAC210B065E0095AEB0 /* Main.storyboard */,
				66C84BB1210B065F0095AEB0 /* LaunchScreen.storyboard */,
			);
			path = Storyboard;
			sourceTree = "<group>";
		};
		66FCBCD5214BD904003F72F5 /* ViewControllers */ = {
			isa = PBXGroup;
			children = (
				66C84BA6210B065E0095AEB0 /* AppDelegate.swift */,
				66C84BAA210B065E0095AEB0 /* MainViewController.swift */,
				66FCBCD6214BE0A6003F72F5 /* ListViewController.swift */,
				66E9F5FF2155532600146897 /* DetailViewController.swift */,
			);
			path = ViewControllers;
			sourceTree = "<group>";
		};
		66FCBCDC214D7298003F72F5 /* Cells */ = {
			isa = PBXGroup;
			children = (
				66E9F5FD2155530100146897 /* DetailCell.swift */,
				66FCBCDA214D727B003F72F5 /* CarpetListCell.swift */,
			);
			path = Cells;
			sourceTree = "<group>";
		};
		EFC5E576BB7B48E198E759A5 /* Frameworks */ = {
			isa = PBXGroup;
			children = (
				AAB2917B02790248A8305BD6 /* Pods_Rugesty.framework */,
				985FCDB1173CB43610D3116F /* Pods_RugestyTests.framework */,
				33A7D25B1F9E9DE325A0A485 /* Pods_RugestyUITests.framework */,
			);
			name = Frameworks;
			sourceTree = "<group>";
		};
/* End PBXGroup section */

/* Begin PBXNativeTarget section */
		66C84BA2210B065E0095AEB0 /* RM AR */ = {
			isa = PBXNativeTarget;
			buildConfigurationList = 66C84BCD210B065F0095AEB0 /* Build configuration list for PBXNativeTarget "RM AR" */;
			buildPhases = (
				BD01DCA506256B1425D40C9A /* [CP] Check Pods Manifest.lock */,
				66C84B9F210B065E0095AEB0 /* Sources */,
				66C84BA0210B065E0095AEB0 /* Frameworks */,
				66C84BA1210B065E0095AEB0 /* Resources */,
				B1D9B7AE53BDF9EDB3C07DBE /* [CP] Embed Pods Frameworks */,
			);
			buildRules = (
			);
			dependencies = (
			);
			name = "RM AR";
			productName = test2;
			productReference = 66C84BA3210B065E0095AEB0 /* RM AR.app */;
			productType = "com.apple.product-type.application";
		};
		66C84BB8210B065F0095AEB0 /* RugestyTests */ = {
			isa = PBXNativeTarget;
			buildConfigurationList = 66C84BD0210B065F0095AEB0 /* Build configuration list for PBXNativeTarget "RugestyTests" */;
			buildPhases = (
				F8F727C409295DE38AB2B4E3 /* [CP] Check Pods Manifest.lock */,
				66C84BB5210B065F0095AEB0 /* Sources */,
				66C84BB6210B065F0095AEB0 /* Frameworks */,
				66C84BB7210B065F0095AEB0 /* Resources */,
			);
			buildRules = (
			);
			dependencies = (
				66C84BBB210B065F0095AEB0 /* PBXTargetDependency */,
			);
			name = RugestyTests;
			productName = test2Tests;
			productReference = 66C84BB9210B065F0095AEB0 /* RugestyTests.xctest */;
			productType = "com.apple.product-type.bundle.unit-test";
		};
		66C84BC3210B065F0095AEB0 /* RugestyUITests */ = {
			isa = PBXNativeTarget;
			buildConfigurationList = 66C84BD3210B065F0095AEB0 /* Build configuration list for PBXNativeTarget "RugestyUITests" */;
			buildPhases = (
				A4BE093EBCD4C429A00A76F8 /* [CP] Check Pods Manifest.lock */,
				66C84BC0210B065F0095AEB0 /* Sources */,
				66C84BC1210B065F0095AEB0 /* Frameworks */,
				66C84BC2210B065F0095AEB0 /* Resources */,
			);
			buildRules = (
			);
			dependencies = (
				66C84BC6210B065F0095AEB0 /* PBXTargetDependency */,
			);
			name = RugestyUITests;
			productName = test2UITests;
			productReference = 66C84BC4210B065F0095AEB0 /* RugestyUITests.xctest */;
			productType = "com.apple.product-type.bundle.ui-testing";
		};
/* End PBXNativeTarget section */

/* Begin PBXProject section */
		66C84B9B210B065D0095AEB0 /* Project object */ = {
			isa = PBXProject;
			attributes = {
				LastSwiftUpdateCheck = 0940;
				LastUpgradeCheck = 0940;
				ORGANIZATIONNAME = amirhosseinpy;
				TargetAttributes = {
					66C84BA2210B065E0095AEB0 = {
						CreatedOnToolsVersion = 9.4.1;
					};
					66C84BB8210B065F0095AEB0 = {
						CreatedOnToolsVersion = 9.4.1;
						TestTargetID = 66C84BA2210B065E0095AEB0;
					};
					66C84BC3210B065F0095AEB0 = {
						CreatedOnToolsVersion = 9.4.1;
						TestTargetID = 66C84BA2210B065E0095AEB0;
					};
				};
			};
			buildConfigurationList = 66C84B9E210B065D0095AEB0 /* Build configuration list for PBXProject "Rugesty" */;
			compatibilityVersion = "Xcode 9.3";
			developmentRegion = en;
			hasScannedForEncodings = 0;
			knownRegions = (
				en,
				Base,
			);
			mainGroup = 66C84B9A210B065D0095AEB0;
			productRefGroup = 66C84BA4210B065E0095AEB0 /* Products */;
			projectDirPath = "";
			projectRoot = "";
			targets = (
				66C84BA2210B065E0095AEB0 /* RM AR */,
				66C84BB8210B065F0095AEB0 /* RugestyTests */,
				66C84BC3210B065F0095AEB0 /* RugestyUITests */,
			);
		};
/* End PBXProject section */

/* Begin PBXResourcesBuildPhase section */
		66C84BA1210B065E0095AEB0 /* Resources */ = {
			isa = PBXResourcesBuildPhase;
			buildActionMask = 2147483647;
			files = (
				66369EF521B9194600919C09 /* Base.strings in Resources */,
				66C84BA9210B065E0095AEB0 /* art.scnassets in Resources */,
				66C84BB3210B065F0095AEB0 /* LaunchScreen.storyboard in Resources */,
				66C84BB0210B065F0095AEB0 /* Assets.xcassets in Resources */,
				66C84BAE210B065E0095AEB0 /* Main.storyboard in Resources */,
			);
			runOnlyForDeploymentPostprocessing = 0;
		};
		66C84BB7210B065F0095AEB0 /* Resources */ = {
			isa = PBXResourcesBuildPhase;
			buildActionMask = 2147483647;
			files = (
			);
			runOnlyForDeploymentPostprocessing = 0;
		};
		66C84BC2210B065F0095AEB0 /* Resources */ = {
			isa = PBXResourcesBuildPhase;
			buildActionMask = 2147483647;
			files = (
			);
			runOnlyForDeploymentPostprocessing = 0;
		};
/* End PBXResourcesBuildPhase section */

/* Begin PBXShellScriptBuildPhase section */
		A4BE093EBCD4C429A00A76F8 /* [CP] Check Pods Manifest.lock */ = {
			isa = PBXShellScriptBuildPhase;
			buildActionMask = 2147483647;
			files = (
			);
			inputPaths = (
				"${PODS_PODFILE_DIR_PATH}/Podfile.lock",
				"${PODS_ROOT}/Manifest.lock",
			);
			name = "[CP] Check Pods Manifest.lock";
			outputPaths = (
				"$(DERIVED_FILE_DIR)/Pods-RugestyUITests-checkManifestLockResult.txt",
			);
			runOnlyForDeploymentPostprocessing = 0;
			shellPath = /bin/sh;
			shellScript = "diff \"${PODS_PODFILE_DIR_PATH}/Podfile.lock\" \"${PODS_ROOT}/Manifest.lock\" > /dev/null\nif [ $? != 0 ] ; then\n    # print error to STDERR\n    echo \"error: The sandbox is not in sync with the Podfile.lock. Run 'pod install' or update your CocoaPods installation.\" >&2\n    exit 1\nfi\n# This output is used by Xcode 'outputs' to avoid re-running this script phase.\necho \"SUCCESS\" > \"${SCRIPT_OUTPUT_FILE_0}\"\n";
			showEnvVarsInLog = 0;
		};
		B1D9B7AE53BDF9EDB3C07DBE /* [CP] Embed Pods Frameworks */ = {
			isa = PBXShellScriptBuildPhase;
			buildActionMask = 2147483647;
			files = (
			);
			inputPaths = (
				"${SRCROOT}/Pods/Target Support Files/Pods-Rugesty/Pods-Rugesty-frameworks.sh",
				"${BUILT_PRODUCTS_DIR}/DeckTransition/DeckTransition.framework",
			);
			name = "[CP] Embed Pods Frameworks";
			outputPaths = (
				"${TARGET_BUILD_DIR}/${FRAMEWORKS_FOLDER_PATH}/DeckTransition.framework",
			);
			runOnlyForDeploymentPostprocessing = 0;
			shellPath = /bin/sh;
			shellScript = "\"${SRCROOT}/Pods/Target Support Files/Pods-Rugesty/Pods-Rugesty-frameworks.sh\"\n";
			showEnvVarsInLog = 0;
		};
		BD01DCA506256B1425D40C9A /* [CP] Check Pods Manifest.lock */ = {
			isa = PBXShellScriptBuildPhase;
			buildActionMask = 2147483647;
			files = (
			);
			inputPaths = (
				"${PODS_PODFILE_DIR_PATH}/Podfile.lock",
				"${PODS_ROOT}/Manifest.lock",
			);
			name = "[CP] Check Pods Manifest.lock";
			outputPaths = (
				"$(DERIVED_FILE_DIR)/Pods-Rugesty-checkManifestLockResult.txt",
			);
			runOnlyForDeploymentPostprocessing = 0;
			shellPath = /bin/sh;
			shellScript = "diff \"${PODS_PODFILE_DIR_PATH}/Podfile.lock\" \"${PODS_ROOT}/Manifest.lock\" > /dev/null\nif [ $? != 0 ] ; then\n    # print error to STDERR\n    echo \"error: The sandbox is not in sync with the Podfile.lock. Run 'pod install' or update your CocoaPods installation.\" >&2\n    exit 1\nfi\n# This output is used by Xcode 'outputs' to avoid re-running this script phase.\necho \"SUCCESS\" > \"${SCRIPT_OUTPUT_FILE_0}\"\n";
			showEnvVarsInLog = 0;
		};
		F8F727C409295DE38AB2B4E3 /* [CP] Check Pods Manifest.lock */ = {
			isa = PBXShellScriptBuildPhase;
			buildActionMask = 2147483647;
			files = (
			);
			inputPaths = (
				"${PODS_PODFILE_DIR_PATH}/Podfile.lock",
				"${PODS_ROOT}/Manifest.lock",
			);
			name = "[CP] Check Pods Manifest.lock";
			outputPaths = (
				"$(DERIVED_FILE_DIR)/Pods-RugestyTests-checkManifestLockResult.txt",
			);
			runOnlyForDeploymentPostprocessing = 0;
			shellPath = /bin/sh;
			shellScript = "diff \"${PODS_PODFILE_DIR_PATH}/Podfile.lock\" \"${PODS_ROOT}/Manifest.lock\" > /dev/null\nif [ $? != 0 ] ; then\n    # print error to STDERR\n    echo \"error: The sandbox is not in sync with the Podfile.lock. Run 'pod install' or update your CocoaPods installation.\" >&2\n    exit 1\nfi\n# This output is used by Xcode 'outputs' to avoid re-running this script phase.\necho \"SUCCESS\" > \"${SCRIPT_OUTPUT_FILE_0}\"\n";
			showEnvVarsInLog = 0;
		};
/* End PBXShellScriptBuildPhase section */

/* Begin PBXSourcesBuildPhase section */
		66C84B9F210B065E0095AEB0 /* Sources */ = {
			isa = PBXSourcesBuildPhase;
			buildActionMask = 2147483647;
			files = (
				66E9F602215559C500146897 /* Carpet.swift in Sources */,
				66369EF921B9300A00919C09 /* Constants.swift in Sources */,
				66C84BAB210B065E0095AEB0 /* MainViewController.swift in Sources */,
				66C84BA7210B065E0095AEB0 /* AppDelegate.swift in Sources */,
				668AE4A82154DB13002A09B4 /* Helper.swift in Sources */,
				66E9F5FC21551DD200146897 /* Extension.swift in Sources */,
				66FCBCDB214D727B003F72F5 /* CarpetListCell.swift in Sources */,
				66E9F5FE2155530100146897 /* DetailCell.swift in Sources */,
				66369EF721B91ECD00919C09 /* LangUtil.swift in Sources */,
				66FCBCD7214BE0A6003F72F5 /* ListViewController.swift in Sources */,
				66E9F6002155532600146897 /* DetailViewController.swift in Sources */,
			);
			runOnlyForDeploymentPostprocessing = 0;
		};
		66C84BB5210B065F0095AEB0 /* Sources */ = {
			isa = PBXSourcesBuildPhase;
			buildActionMask = 2147483647;
			files = (
				66C84BBE210B065F0095AEB0 /* test2Tests.swift in Sources */,
			);
			runOnlyForDeploymentPostprocessing = 0;
		};
		66C84BC0210B065F0095AEB0 /* Sources */ = {
			isa = PBXSourcesBuildPhase;
			buildActionMask = 2147483647;
			files = (
				66C84BC9210B065F0095AEB0 /* test2UITests.swift in Sources */,
			);
			runOnlyForDeploymentPostprocessing = 0;
		};
/* End PBXSourcesBuildPhase section */

/* Begin PBXTargetDependency section */
		66C84BBB210B065F0095AEB0 /* PBXTargetDependency */ = {
			isa = PBXTargetDependency;
			target = 66C84BA2210B065E0095AEB0 /* RM AR */;
			targetProxy = 66C84BBA210B065F0095AEB0 /* PBXContainerItemProxy */;
		};
		66C84BC6210B065F0095AEB0 /* PBXTargetDependency */ = {
			isa = PBXTargetDependency;
			target = 66C84BA2210B065E0095AEB0 /* RM AR */;
			targetProxy = 66C84BC5210B065F0095AEB0 /* PBXContainerItemProxy */;
		};
/* End PBXTargetDependency section */

/* Begin PBXVariantGroup section */
		66C84BAC210B065E0095AEB0 /* Main.storyboard */ = {
			isa = PBXVariantGroup;
			children = (
				66C84BAD210B065E0095AEB0 /* Base */,
			);
			name = Main.storyboard;
			sourceTree = "<group>";
		};
		66C84BB1210B065F0095AEB0 /* LaunchScreen.storyboard */ = {
			isa = PBXVariantGroup;
			children = (
				66C84BB2210B065F0095AEB0 /* Base */,
			);
			name = LaunchScreen.storyboard;
			sourceTree = "<group>";
		};
/* End PBXVariantGroup section */

/* Begin XCBuildConfiguration section */
		66C84BCB210B065F0095AEB0 /* Debug */ = {
			isa = XCBuildConfiguration;
			buildSettings = {
				ALWAYS_SEARCH_USER_PATHS = NO;
				CLANG_ANALYZER_NONNULL = YES;
				CLANG_ANALYZER_NUMBER_OBJECT_CONVERSION = YES_AGGRESSIVE;
				CLANG_CXX_LANGUAGE_STANDARD = "gnu++14";
				CLANG_CXX_LIBRARY = "libc++";
				CLANG_ENABLE_MODULES = YES;
				CLANG_ENABLE_OBJC_ARC = YES;
				CLANG_ENABLE_OBJC_WEAK = YES;
				CLANG_WARN_BLOCK_CAPTURE_AUTORELEASING = YES;
				CLANG_WARN_BOOL_CONVERSION = YES;
				CLANG_WARN_COMMA = YES;
				CLANG_WARN_CONSTANT_CONVERSION = YES;
				CLANG_WARN_DEPRECATED_OBJC_IMPLEMENTATIONS = YES;
				CLANG_WARN_DIRECT_OBJC_ISA_USAGE = YES_ERROR;
				CLANG_WARN_DOCUMENTATION_COMMENTS = YES;
				CLANG_WARN_EMPTY_BODY = YES;
				CLANG_WARN_ENUM_CONVERSION = YES;
				CLANG_WARN_INFINITE_RECURSION = YES;
				CLANG_WARN_INT_CONVERSION = YES;
				CLANG_WARN_NON_LITERAL_NULL_CONVERSION = YES;
				CLANG_WARN_OBJC_IMPLICIT_RETAIN_SELF = YES;
				CLANG_WARN_OBJC_LITERAL_CONVERSION = YES;
				CLANG_WARN_OBJC_ROOT_CLASS = YES_ERROR;
				CLANG_WARN_RANGE_LOOP_ANALYSIS = YES;
				CLANG_WARN_STRICT_PROTOTYPES = YES;
				CLANG_WARN_SUSPICIOUS_MOVE = YES;
				CLANG_WARN_UNGUARDED_AVAILABILITY = YES_AGGRESSIVE;
				CLANG_WARN_UNREACHABLE_CODE = YES;
				CLANG_WARN__DUPLICATE_METHOD_MATCH = YES;
				CODE_SIGN_IDENTITY = "iPhone Developer";
				COPY_PHASE_STRIP = NO;
				DEBUG_INFORMATION_FORMAT = dwarf;
				ENABLE_STRICT_OBJC_MSGSEND = YES;
				ENABLE_TESTABILITY = YES;
				GCC_C_LANGUAGE_STANDARD = gnu11;
				GCC_DYNAMIC_NO_PIC = NO;
				GCC_NO_COMMON_BLOCKS = YES;
				GCC_OPTIMIZATION_LEVEL = 0;
				GCC_PREPROCESSOR_DEFINITIONS = (
					"DEBUG=1",
					"$(inherited)",
				);
				GCC_WARN_64_TO_32_BIT_CONVERSION = YES;
				GCC_WARN_ABOUT_RETURN_TYPE = YES_ERROR;
				GCC_WARN_UNDECLARED_SELECTOR = YES;
				GCC_WARN_UNINITIALIZED_AUTOS = YES_AGGRESSIVE;
				GCC_WARN_UNUSED_FUNCTION = YES;
				GCC_WARN_UNUSED_VARIABLE = YES;
				IPHONEOS_DEPLOYMENT_TARGET = 11.2;
				MTL_ENABLE_DEBUG_INFO = YES;
				ONLY_ACTIVE_ARCH = YES;
				SDKROOT = iphoneos;
				SWIFT_ACTIVE_COMPILATION_CONDITIONS = DEBUG;
				SWIFT_OPTIMIZATION_LEVEL = "-Onone";
			};
			name = Debug;
		};
		66C84BCC210B065F0095AEB0 /* Release */ = {
			isa = XCBuildConfiguration;
			buildSettings = {
				ALWAYS_SEARCH_USER_PATHS = NO;
				CLANG_ANALYZER_NONNULL = YES;
				CLANG_ANALYZER_NUMBER_OBJECT_CONVERSION = YES_AGGRESSIVE;
				CLANG_CXX_LANGUAGE_STANDARD = "gnu++14";
				CLANG_CXX_LIBRARY = "libc++";
				CLANG_ENABLE_MODULES = YES;
				CLANG_ENABLE_OBJC_ARC = YES;
				CLANG_ENABLE_OBJC_WEAK = YES;
				CLANG_WARN_BLOCK_CAPTURE_AUTORELEASING = YES;
				CLANG_WARN_BOOL_CONVERSION = YES;
				CLANG_WARN_COMMA = YES;
				CLANG_WARN_CONSTANT_CONVERSION = YES;
				CLANG_WARN_DEPRECATED_OBJC_IMPLEMENTATIONS = YES;
				CLANG_WARN_DIRECT_OBJC_ISA_USAGE = YES_ERROR;
				CLANG_WARN_DOCUMENTATION_COMMENTS = YES;
				CLANG_WARN_EMPTY_BODY = YES;
				CLANG_WARN_ENUM_CONVERSION = YES;
				CLANG_WARN_INFINITE_RECURSION = YES;
				CLANG_WARN_INT_CONVERSION = YES;
				CLANG_WARN_NON_LITERAL_NULL_CONVERSION = YES;
				CLANG_WARN_OBJC_IMPLICIT_RETAIN_SELF = YES;
				CLANG_WARN_OBJC_LITERAL_CONVERSION = YES;
				CLANG_WARN_OBJC_ROOT_CLASS = YES_ERROR;
				CLANG_WARN_RANGE_LOOP_ANALYSIS = YES;
				CLANG_WARN_STRICT_PROTOTYPES = YES;
				CLANG_WARN_SUSPICIOUS_MOVE = YES;
				CLANG_WARN_UNGUARDED_AVAILABILITY = YES_AGGRESSIVE;
				CLANG_WARN_UNREACHABLE_CODE = YES;
				CLANG_WARN__DUPLICATE_METHOD_MATCH = YES;
				CODE_SIGN_IDENTITY = "iPhone Developer";
				COPY_PHASE_STRIP = NO;
				DEBUG_INFORMATION_FORMAT = "dwarf-with-dsym";
				ENABLE_NS_ASSERTIONS = NO;
				ENABLE_STRICT_OBJC_MSGSEND = YES;
				GCC_C_LANGUAGE_STANDARD = gnu11;
				GCC_NO_COMMON_BLOCKS = YES;
				GCC_WARN_64_TO_32_BIT_CONVERSION = YES;
				GCC_WARN_ABOUT_RETURN_TYPE = YES_ERROR;
				GCC_WARN_UNDECLARED_SELECTOR = YES;
				GCC_WARN_UNINITIALIZED_AUTOS = YES_AGGRESSIVE;
				GCC_WARN_UNUSED_FUNCTION = YES;
				GCC_WARN_UNUSED_VARIABLE = YES;
				IPHONEOS_DEPLOYMENT_TARGET = 11.2;
				MTL_ENABLE_DEBUG_INFO = NO;
				SDKROOT = iphoneos;
				SWIFT_COMPILATION_MODE = wholemodule;
				SWIFT_OPTIMIZATION_LEVEL = "-O";
				VALIDATE_PRODUCT = YES;
			};
			name = Release;
		};
		66C84BCE210B065F0095AEB0 /* Debug */ = {
			isa = XCBuildConfiguration;
			baseConfigurationReference = A5D89E4871509ED3CE5913A1 /* Pods-Rugesty.debug.xcconfig */;
			buildSettings = {
				ASSETCATALOG_COMPILER_APPICON_NAME = AppIcon;
				CODE_SIGN_STYLE = Automatic;
				DEVELOPMENT_TEAM = UGM9RU5T36;
				INFOPLIST_FILE = rugesty/Info.plist;
				LD_RUNPATH_SEARCH_PATHS = (
					"$(inherited)",
					"@executable_path/Frameworks",
				);
				PRODUCT_BUNDLE_IDENTIFIER = com.pooya.rug123;
				PRODUCT_NAME = "$(TARGET_NAME)";
				SWIFT_VERSION = 4.0;
				TARGETED_DEVICE_FAMILY = "1,2";
			};
			name = Debug;
		};
		66C84BCF210B065F0095AEB0 /* Release */ = {
			isa = XCBuildConfiguration;
			baseConfigurationReference = 77903103CB9C181A6CB65D5E /* Pods-Rugesty.release.xcconfig */;
			buildSettings = {
				ASSETCATALOG_COMPILER_APPICON_NAME = AppIcon;
				CODE_SIGN_STYLE = Automatic;
				DEVELOPMENT_TEAM = UGM9RU5T36;
				INFOPLIST_FILE = rugesty/Info.plist;
				LD_RUNPATH_SEARCH_PATHS = (
					"$(inherited)",
					"@executable_path/Frameworks",
				);
				PRODUCT_BUNDLE_IDENTIFIER = com.pooya.rug123;
				PRODUCT_NAME = "$(TARGET_NAME)";
				SWIFT_VERSION = 4.0;
				TARGETED_DEVICE_FAMILY = "1,2";
			};
			name = Release;
		};
		66C84BD1210B065F0095AEB0 /* Debug */ = {
			isa = XCBuildConfiguration;
			baseConfigurationReference = 720CA7129B63DAE263DF1225 /* Pods-RugestyTests.debug.xcconfig */;
			buildSettings = {
				ALWAYS_EMBED_SWIFT_STANDARD_LIBRARIES = YES;
				BUNDLE_LOADER = "$(TEST_HOST)";
				CODE_SIGN_STYLE = Automatic;
				DEVELOPMENT_TEAM = 674895MZDB;
				INFOPLIST_FILE = test2Tests/Info.plist;
				LD_RUNPATH_SEARCH_PATHS = (
					"$(inherited)",
					"@executable_path/Frameworks",
					"@loader_path/Frameworks",
				);
				PRODUCT_BUNDLE_IDENTIFIER = com.pooya.test2Tests;
				PRODUCT_NAME = "$(TARGET_NAME)";
				SWIFT_VERSION = 4.0;
				TARGETED_DEVICE_FAMILY = "1,2";
				TEST_HOST = "$(BUILT_PRODUCTS_DIR)/Rugesty.app/Rugesty";
			};
			name = Debug;
		};
		66C84BD2210B065F0095AEB0 /* Release */ = {
			isa = XCBuildConfiguration;
			baseConfigurationReference = 88A2B653620714070A279EF3 /* Pods-RugestyTests.release.xcconfig */;
			buildSettings = {
				ALWAYS_EMBED_SWIFT_STANDARD_LIBRARIES = YES;
				BUNDLE_LOADER = "$(TEST_HOST)";
				CODE_SIGN_STYLE = Automatic;
				DEVELOPMENT_TEAM = 674895MZDB;
				INFOPLIST_FILE = test2Tests/Info.plist;
				LD_RUNPATH_SEARCH_PATHS = (
					"$(inherited)",
					"@executable_path/Frameworks",
					"@loader_path/Frameworks",
				);
				PRODUCT_BUNDLE_IDENTIFIER = com.pooya.test2Tests;
				PRODUCT_NAME = "$(TARGET_NAME)";
				SWIFT_VERSION = 4.0;
				TARGETED_DEVICE_FAMILY = "1,2";
				TEST_HOST = "$(BUILT_PRODUCTS_DIR)/Rugesty.app/Rugesty";
			};
			name = Release;
		};
		66C84BD4210B065F0095AEB0 /* Debug */ = {
			isa = XCBuildConfiguration;
			baseConfigurationReference = 7705C4B8E5CD585E44C8413E /* Pods-RugestyUITests.debug.xcconfig */;
			buildSettings = {
				ALWAYS_EMBED_SWIFT_STANDARD_LIBRARIES = YES;
				CODE_SIGN_STYLE = Automatic;
				DEVELOPMENT_TEAM = 674895MZDB;
				INFOPLIST_FILE = test2UITests/Info.plist;
				LD_RUNPATH_SEARCH_PATHS = (
					"$(inherited)",
					"@executable_path/Frameworks",
					"@loader_path/Frameworks",
				);
				PRODUCT_BUNDLE_IDENTIFIER = com.pooya.test2UITests;
				PRODUCT_NAME = "$(TARGET_NAME)";
				SWIFT_VERSION = 4.0;
				TARGETED_DEVICE_FAMILY = "1,2";
				TEST_TARGET_NAME = test2;
			};
			name = Debug;
		};
		66C84BD5210B065F0095AEB0 /* Release */ = {
			isa = XCBuildConfiguration;
			baseConfigurationReference = C53C4D38A11DBB033DD0F0B3 /* Pods-RugestyUITests.release.xcconfig */;
			buildSettings = {
				ALWAYS_EMBED_SWIFT_STANDARD_LIBRARIES = YES;
				CODE_SIGN_STYLE = Automatic;
				DEVELOPMENT_TEAM = 674895MZDB;
				INFOPLIST_FILE = test2UITests/Info.plist;
				LD_RUNPATH_SEARCH_PATHS = (
					"$(inherited)",
					"@executable_path/Frameworks",
					"@loader_path/Frameworks",
				);
				PRODUCT_BUNDLE_IDENTIFIER = com.pooya.test2UITests;
				PRODUCT_NAME = "$(TARGET_NAME)";
				SWIFT_VERSION = 4.0;
				TARGETED_DEVICE_FAMILY = "1,2";
				TEST_TARGET_NAME = test2;
			};
			name = Release;
		};
/* End XCBuildConfiguration section */

/* Begin XCConfigurationList section */
		66C84B9E210B065D0095AEB0 /* Build configuration list for PBXProject "Rugesty" */ = {
			isa = XCConfigurationList;
			buildConfigurations = (
				66C84BCB210B065F0095AEB0 /* Debug */,
				66C84BCC210B065F0095AEB0 /* Release */,
			);
			defaultConfigurationIsVisible = 0;
			defaultConfigurationName = Release;
		};
		66C84BCD210B065F0095AEB0 /* Build configuration list for PBXNativeTarget "RM AR" */ = {
			isa = XCConfigurationList;
			buildConfigurations = (
				66C84BCE210B065F0095AEB0 /* Debug */,
				66C84BCF210B065F0095AEB0 /* Release */,
			);
			defaultConfigurationIsVisible = 0;
			defaultConfigurationName = Release;
		};
		66C84BD0210B065F0095AEB0 /* Build configuration list for PBXNativeTarget "RugestyTests" */ = {
			isa = XCConfigurationList;
			buildConfigurations = (
				66C84BD1210B065F0095AEB0 /* Debug */,
				66C84BD2210B065F0095AEB0 /* Release */,
			);
			defaultConfigurationIsVisible = 0;
			defaultConfigurationName = Release;
		};
		66C84BD3210B065F0095AEB0 /* Build configuration list for PBXNativeTarget "RugestyUITests" */ = {
			isa = XCConfigurationList;
			buildConfigurations = (
				66C84BD4210B065F0095AEB0 /* Debug */,
				66C84BD5210B065F0095AEB0 /* Release */,
			);
			defaultConfigurationIsVisible = 0;
			defaultConfigurationName = Release;
		};
/* End XCConfigurationList section */
	};
	rootObject = 66C84B9B210B065D0095AEB0 /* Project object */;
}
